
Microsoft Visual Studio Solution File, Format Version 12.00
# Visual Studio Version 16
VisualStudioVersion = 16.0.31613.86
MinimumVisualStudioVersion = 10.0.40219.1
Project("{FAE04EC0-301F-11D3-BF4B-00C04F79EFBC}") = "EmployeesTimeFunctions.Functions", "EmployeesTimeFunctions.Functions\EmployeesTimeFunctions.Functions.csproj", "{C15A3DBA-63E5-4ADD-A675-BAC7D41EC56A}"
EndProject
Project("{FAE04EC0-301F-11D3-BF4B-00C04F79EFBC}") = "EmployeesTimeFunctions.Test", "EmployeesTimeFunctions.Test\EmployeesTimeFunctions.Test.csproj", "{8FC53EB3-C324-484E-822B-4B5612E2313D}"
EndProject
Project("{FAE04EC0-301F-11D3-BF4B-00C04F79EFBC}") = "EmployeesTimeFunctions.Common", "EmployeesTimeFunctions.Common\EmployeesTimeFunctions.Common.csproj", "{18B0E873-9151-4298-8017-79B57F1A422E}"
EndProject
Global
	GlobalSection(SolutionConfigurationPlatforms) = preSolution
		Debug|Any CPU = Debug|Any CPU
		Release|Any CPU = Release|Any CPU
	EndGlobalSection
	GlobalSection(ProjectConfigurationPlatforms) = postSolution
		{C15A3DBA-63E5-4ADD-A675-BAC7D41EC56A}.Debug|Any CPU.ActiveCfg = Debug|Any CPU
		{C15A3DBA-63E5-4ADD-A675-BAC7D41EC56A}.Debug|Any CPU.Build.0 = Debug|Any CPU
		{C15A3DBA-63E5-4ADD-A675-BAC7D41EC56A}.Release|Any CPU.ActiveCfg = Release|Any CPU
		{C15A3DBA-63E5-4ADD-A675-BAC7D41EC56A}.Release|Any CPU.Build.0 = Release|Any CPU
		{8FC53EB3-C324-484E-822B-4B5612E2313D}.Debug|Any CPU.ActiveCfg = Debug|Any CPU
		{8FC53EB3-C324-484E-822B-4B5612E2313D}.Debug|Any CPU.Build.0 = Debug|Any CPU
		{8FC53EB3-C324-484E-822B-4B5612E2313D}.Release|Any CPU.ActiveCfg = Release|Any CPU
		{8FC53EB3-C324-484E-822B-4B5612E2313D}.Release|Any CPU.Build.0 = Release|Any CPU
		{18B0E873-9151-4298-8017-79B57F1A422E}.Debug|Any CPU.ActiveCfg = Debug|Any CPU
		{18B0E873-9151-4298-8017-79B57F1A422E}.Debug|Any CPU.Build.0 = Debug|Any CPU
		{18B0E873-9151-4298-8017-79B57F1A422E}.Release|Any CPU.ActiveCfg = Release|Any CPU
		{18B0E873-9151-4298-8017-79B57F1A422E}.Release|Any CPU.Build.0 = Release|Any CPU
	EndGlobalSection
	GlobalSection(SolutionProperties) = preSolution
		HideSolutionNode = FALSE
	EndGlobalSection
	GlobalSection(ExtensibilityGlobals) = postSolution
		SolutionGuid = {8421D387-81D3-4F9F-A36C-7C41FF52848A}
	EndGlobalSection
EndGlobal
